
Microsoft Visual Studio Solution File, Format Version 12.00
# Visual Studio Version 16
VisualStudioVersion = 16.0.33927.289
MinimumVisualStudioVersion = 10.0.40219.1
Project("{2150E333-8FDC-42A3-9474-1A3956D46DE8}") = "Task4", "Task4", "{8E3BA020-4CDA-4101-85DB-2F4A02DFF48D}"
EndProject
Project("{FAE04EC0-301F-11D3-BF4B-00C04F79EFBC}") = "Tyuiu.GolubevDS.Sprint1.Task4.V2", "Tyuiu.GolubevDS.Sprint1.Task4.V2\Tyuiu.GolubevDS.Sprint1.Task4.V2.csproj", "{06C22C7F-BE1C-4B07-A199-AD990DFD9851}"
EndProject
Project("{FAE04EC0-301F-11D3-BF4B-00C04F79EFBC}") = "Tyuiu.GolubevDS.Sprint1.Task4.V2.Lib", "Tyuiu.GolubevDS.Sprint1.Task4.V2.Lib\Tyuiu.GolubevDS.Sprint1.Task4.V2.Lib.csproj", "{80FBE83D-D872-4607-A10E-CB3D4B52115F}"
EndProject
Project("{FAE04EC0-301F-11D3-BF4B-00C04F79EFBC}") = "Tyuiu.GolubevDS.Sprint1.Task4.V2.Test", "Tyuiu.GolubevDS.Sprint1.Task4.V2.Test\Tyuiu.GolubevDS.Sprint1.Task4.V2.Test.csproj", "{1D381C59-E5D4-455D-BCFF-481596F1AD0D}"
EndProject
Global
	GlobalSection(SolutionConfigurationPlatforms) = preSolution
		Debug|Any CPU = Debug|Any CPU
		Release|Any CPU = Release|Any CPU
	EndGlobalSection
	GlobalSection(ProjectConfigurationPlatforms) = postSolution
		{06C22C7F-BE1C-4B07-A199-AD990DFD9851}.Debug|Any CPU.ActiveCfg = Debug|Any CPU
		{06C22C7F-BE1C-4B07-A199-AD990DFD9851}.Debug|Any CPU.Build.0 = Debug|Any CPU
		{06C22C7F-BE1C-4B07-A199-AD990DFD9851}.Release|Any CPU.ActiveCfg = Release|Any CPU
		{06C22C7F-BE1C-4B07-A199-AD990DFD9851}.Release|Any CPU.Build.0 = Release|Any CPU
		{80FBE83D-D872-4607-A10E-CB3D4B52115F}.Debug|Any CPU.ActiveCfg = Debug|Any CPU
		{80FBE83D-D872-4607-A10E-CB3D4B52115F}.Debug|Any CPU.Build.0 = Debug|Any CPU
		{80FBE83D-D872-4607-A10E-CB3D4B52115F}.Release|Any CPU.ActiveCfg = Release|Any CPU
		{80FBE83D-D872-4607-A10E-CB3D4B52115F}.Release|Any CPU.Build.0 = Release|Any CPU
		{1D381C59-E5D4-455D-BCFF-481596F1AD0D}.Debug|Any CPU.ActiveCfg = Debug|Any CPU
		{1D381C59-E5D4-455D-BCFF-481596F1AD0D}.Debug|Any CPU.Build.0 = Debug|Any CPU
		{1D381C59-E5D4-455D-BCFF-481596F1AD0D}.Release|Any CPU.ActiveCfg = Release|Any CPU
		{1D381C59-E5D4-455D-BCFF-481596F1AD0D}.Release|Any CPU.Build.0 = Release|Any CPU
	EndGlobalSection
	GlobalSection(SolutionProperties) = preSolution
		HideSolutionNode = FALSE
	EndGlobalSection
	GlobalSection(NestedProjects) = preSolution
		{06C22C7F-BE1C-4B07-A199-AD990DFD9851} = {8E3BA020-4CDA-4101-85DB-2F4A02DFF48D}
		{80FBE83D-D872-4607-A10E-CB3D4B52115F} = {8E3BA020-4CDA-4101-85DB-2F4A02DFF48D}
		{1D381C59-E5D4-455D-BCFF-481596F1AD0D} = {8E3BA020-4CDA-4101-85DB-2F4A02DFF48D}
	EndGlobalSection
	GlobalSection(ExtensibilityGlobals) = postSolution
		SolutionGuid = {709E65D2-CF41-40B3-8DF8-360BCA9C47A2}
	EndGlobalSection
EndGlobal
